
Microsoft Visual Studio Solution File, Format Version 12.00
# Visual Studio Version 16
VisualStudioVersion = 16.0.30114.105
MinimumVisualStudioVersion = 10.0.40219.1
Project("{FAE04EC0-301F-11D3-BF4B-00C04F79EFBC}") = "RazorPagesMovie", "RazorPagesMovie\RazorPagesMovie.csproj", "{445AAE41-4630-477B-98DE-82762FE31500}"
EndProject
Project("{FAE04EC0-301F-11D3-BF4B-00C04F79EFBC}") = "RazorPagesMovieTests", "RazorPagesMovieTests\RazorPagesMovieTests.csproj", "{958764A8-539A-4192-95A6-2CE3FE04050D}"
EndProject
Global
	GlobalSection(SolutionConfigurationPlatforms) = preSolution
		Debug|Any CPU = Debug|Any CPU
		Release|Any CPU = Release|Any CPU
	EndGlobalSection
	GlobalSection(SolutionProperties) = preSolution
		HideSolutionNode = FALSE
	EndGlobalSection
	GlobalSection(ProjectConfigurationPlatforms) = postSolution
		{445AAE41-4630-477B-98DE-82762FE31500}.Debug|Any CPU.ActiveCfg = Debug|Any CPU
		{445AAE41-4630-477B-98DE-82762FE31500}.Debug|Any CPU.Build.0 = Debug|Any CPU
		{445AAE41-4630-477B-98DE-82762FE31500}.Release|Any CPU.ActiveCfg = Release|Any CPU
		{445AAE41-4630-477B-98DE-82762FE31500}.Release|Any CPU.Build.0 = Release|Any CPU
		{958764A8-539A-4192-95A6-2CE3FE04050D}.Debug|Any CPU.ActiveCfg = Debug|Any CPU
		{958764A8-539A-4192-95A6-2CE3FE04050D}.Debug|Any CPU.Build.0 = Debug|Any CPU
		{958764A8-539A-4192-95A6-2CE3FE04050D}.Release|Any CPU.ActiveCfg = Release|Any CPU
		{958764A8-539A-4192-95A6-2CE3FE04050D}.Release|Any CPU.Build.0 = Release|Any CPU
	EndGlobalSection
EndGlobal
